// !$*UTF8*$!
{
	archiveVersion = 1;
	classes = {
	};
	objectVersion = 50;
	objects = {

/* Begin PBXBuildFile section */
		BD39C25F25B723FF00E42E41 /* SwiftUI_life_cycleApp.swift in Sources */ = {isa = PBXBuildFile; fileRef = BD39C25E25B723FF00E42E41 /* SwiftUI_life_cycleApp.swift */; };
		BD39C26125B723FF00E42E41 /* ContentView.swift in Sources */ = {isa = PBXBuildFile; fileRef = BD39C26025B723FF00E42E41 /* ContentView.swift */; };
		BD39C26325B7240100E42E41 /* Assets.xcassets in Resources */ = {isa = PBXBuildFile; fileRef = BD39C26225B7240100E42E41 /* Assets.xcassets */; };
		BD39C26625B7240100E42E41 /* Preview Assets.xcassets in Resources */ = {isa = PBXBuildFile; fileRef = BD39C26525B7240100E42E41 /* Preview Assets.xcassets */; };
		BDBE9B2625B9A2C600834AC1 /* MySceneDelegate.swift in Sources */ = {isa = PBXBuildFile; fileRef = BDBE9B2525B9A2C600834AC1 /* MySceneDelegate.swift */; };
		BDCCDC0925B835DE00AB6294 /* MyAppDelegate.swift in Sources */ = {isa = PBXBuildFile; fileRef = BDCCDC0825B835DE00AB6294 /* MyAppDelegate.swift */; };
/* End PBXBuildFile section */

/* Begin PBXFileReference section */
		BD39C25B25B723FF00E42E41 /* SwiftUI-life-cycle.app */ = {isa = PBXFileReference; explicitFileType = wrapper.application; includeInIndex = 0; path = "SwiftUI-life-cycle.app"; sourceTree = BUILT_PRODUCTS_DIR; };
		BD39C25E25B723FF00E42E41 /* SwiftUI_life_cycleApp.swift */ = {isa = PBXFileReference; lastKnownFileType = sourcecode.swift; path = SwiftUI_life_cycleApp.swift; sourceTree = "<group>"; };
		BD39C26025B723FF00E42E41 /* ContentView.swift */ = {isa = PBXFileReference; lastKnownFileType = sourcecode.swift; path = ContentView.swift; sourceTree = "<group>"; };
		BD39C26225B7240100E42E41 /* Assets.xcassets */ = {isa = PBXFileReference; lastKnownFileType = folder.assetcatalog; path = Assets.xcassets; sourceTree = "<group>"; };
		BD39C26525B7240100E42E41 /* Preview Assets.xcassets */ = {isa = PBXFileReference; lastKnownFileType = folder.assetcatalog; path = "Preview Assets.xcassets"; sourceTree = "<group>"; };
		BD39C26725B7240100E42E41 /* Info.plist */ = {isa = PBXFileReference; lastKnownFileType = text.plist.xml; path = Info.plist; sourceTree = "<group>"; };
		BDBE9B2525B9A2C600834AC1 /* MySceneDelegate.swift */ = {isa = PBXFileReference; lastKnownFileType = sourcecode.swift; path = MySceneDelegate.swift; sourceTree = "<group>"; };
		BDCCDC0825B835DE00AB6294 /* MyAppDelegate.swift */ = {isa = PBXFileReference; lastKnownFileType = sourcecode.swift; path = MyAppDelegate.swift; sourceTree = "<group>"; };
/* End PBXFileReference section */

/* Begin PBXFrameworksBuildPhase section */
		BD39C25825B723FF00E42E41 /* Frameworks */ = {
			isa = PBXFrameworksBuildPhase;
			buildActionMask = 2147483647;
			files = (
			);
			runOnlyForDeploymentPostprocessing = 0;
		};
/* End PBXFrameworksBuildPhase section */

/* Begin PBXGroup section */
		BD39C25225B723FF00E42E41 = {
			isa = PBXGroup;
			children = (
				BD39C25D25B723FF00E42E41 /* SwiftUI-life-cycle */,
				BD39C25C25B723FF00E42E41 /* Products */,
			);
			sourceTree = "<group>";
		};
		BD39C25C25B723FF00E42E41 /* Products */ = {
			isa = PBXGroup;
			children = (
				BD39C25B25B723FF00E42E41 /* SwiftUI-life-cycle.app */,
			);
			name = Products;
			sourceTree = "<group>";
		};
		BD39C25D25B723FF00E42E41 /* SwiftUI-life-cycle */ = {
			isa = PBXGroup;
			children = (
				BD39C25E25B723FF00E42E41 /* SwiftUI_life_cycleApp.swift */,
				BDCCDC0825B835DE00AB6294 /* MyAppDelegate.swift */,
				BD39C26025B723FF00E42E41 /* ContentView.swift */,
				BD39C26225B7240100E42E41 /* Assets.xcassets */,
				BD39C26725B7240100E42E41 /* Info.plist */,
				BD39C26425B7240100E42E41 /* Preview Content */,
				BDBE9B2525B9A2C600834AC1 /* MySceneDelegate.swift */,
			);
			path = "SwiftUI-life-cycle";
			sourceTree = "<group>";
		};
		BD39C26425B7240100E42E41 /* Preview Content */ = {
			isa = PBXGroup;
			children = (
				BD39C26525B7240100E42E41 /* Preview Assets.xcassets */,
			);
			path = "Preview Content";
			sourceTree = "<group>";
		};
/* End PBXGroup section */

/* Begin PBXNativeTarget section */
		BD39C25A25B723FF00E42E41 /* SwiftUI-life-cycle */ = {
			isa = PBXNativeTarget;
			buildConfigurationList = BD39C26A25B7240100E42E41 /* Build configuration list for PBXNativeTarget "SwiftUI-life-cycle" */;
			buildPhases = (
				BD39C25725B723FF00E42E41 /* Sources */,
				BD39C25825B723FF00E42E41 /* Frameworks */,
				BD39C25925B723FF00E42E41 /* Resources */,
			);
			buildRules = (
			);
			dependencies = (
			);
			name = "SwiftUI-life-cycle";
			productName = "SwiftUI-life-cycle";
			productReference = BD39C25B25B723FF00E42E41 /* SwiftUI-life-cycle.app */;
			productType = "com.apple.product-type.application";
		};
/* End PBXNativeTarget section */

/* Begin PBXProject section */
		BD39C25325B723FF00E42E41 /* Project object */ = {
			isa = PBXProject;
			attributes = {
				LastSwiftUpdateCheck = 1230;
				LastUpgradeCheck = 1230;
				TargetAttributes = {
					BD39C25A25B723FF00E42E41 = {
						CreatedOnToolsVersion = 12.3;
					};
				};
			};
			buildConfigurationList = BD39C25625B723FF00E42E41 /* Build configuration list for PBXProject "SwiftUI-life-cycle" */;
			compatibilityVersion = "Xcode 9.3";
			developmentRegion = en;
			hasScannedForEncodings = 0;
			knownRegions = (
				en,
				Base,
			);
			mainGroup = BD39C25225B723FF00E42E41;
			productRefGroup = BD39C25C25B723FF00E42E41 /* Products */;
			projectDirPath = "";
			projectRoot = "";
			targets = (
				BD39C25A25B723FF00E42E41 /* SwiftUI-life-cycle */,
			);
		};
/* End PBXProject section */

/* Begin PBXResourcesBuildPhase section */
		BD39C25925B723FF00E42E41 /* Resources */ = {
			isa = PBXResourcesBuildPhase;
			buildActionMask = 2147483647;
			files = (
				BD39C26625B7240100E42E41 /* Preview Assets.xcassets in Resources */,
				BD39C26325B7240100E42E41 /* Assets.xcassets in Resources */,
			);
			runOnlyForDeploymentPostprocessing = 0;
		};
/* End PBXResourcesBuildPhase section */

/* Begin PBXSourcesBuildPhase section */
		BD39C25725B723FF00E42E41 /* Sources */ = {
			isa = PBXSourcesBuildPhase;
			buildActionMask = 2147483647;
			files = (
				BD39C26125B723FF00E42E41 /* ContentView.swift in Sources */,
				BDCCDC0925B835DE00AB6294 /* MyAppDelegate.swift in Sources */,
				BD39C25F25B723FF00E42E41 /* SwiftUI_life_cycleApp.swift in Sources */,
				BDBE9B2625B9A2C600834AC1 /* MySceneDelegate.swift in Sources */,
			);
			runOnlyForDeploymentPostprocessing = 0;
		};
/* End PBXSourcesBuildPhase section */

/* Begin XCBuildConfiguration section */
		BD39C26825B7240100E42E41 /* Debug */ = {
			isa = XCBuildConfiguration;
			buildSettings = {
				ALWAYS_SEARCH_USER_PATHS = NO;
				CLANG_ANALYZER_NONNULL = YES;
				CLANG_ANALYZER_NUMBER_OBJECT_CONVERSION = YES_AGGRESSIVE;
				CLANG_CXX_LANGUAGE_STANDARD = "gnu++14";
				CLANG_CXX_LIBRARY = "libc++";
				CLANG_ENABLE_MODULES = YES;
				CLANG_ENABLE_OBJC_ARC = YES;
				CLANG_ENABLE_OBJC_WEAK = YES;
				CLANG_WARN_BLOCK_CAPTURE_AUTORELEASING = YES;
				CLANG_WARN_BOOL_CONVERSION = YES;
				CLANG_WARN_COMMA = YES;
				CLANG_WARN_CONSTANT_CONVERSION = YES;
				CLANG_WARN_DEPRECATED_OBJC_IMPLEMENTATIONS = YES;
				CLANG_WARN_DIRECT_OBJC_ISA_USAGE = YES_ERROR;
				CLANG_WARN_DOCUMENTATION_COMMENTS = YES;
				CLANG_WARN_EMPTY_BODY = YES;
				CLANG_WARN_ENUM_CONVERSION = YES;
				CLANG_WARN_INFINITE_RECURSION = YES;
				CLANG_WARN_INT_CONVERSION = YES;
				CLANG_WARN_NON_LITERAL_NULL_CONVERSION = YES;
				CLANG_WARN_OBJC_IMPLICIT_RETAIN_SELF = YES;
				CLANG_WARN_OBJC_LITERAL_CONVERSION = YES;
				CLANG_WARN_OBJC_ROOT_CLASS = YES_ERROR;
				CLANG_WARN_QUOTED_INCLUDE_IN_FRAMEWORK_HEADER = YES;
				CLANG_WARN_RANGE_LOOP_ANALYSIS = YES;
				CLANG_WARN_STRICT_PROTOTYPES = YES;
				CLANG_WARN_SUSPICIOUS_MOVE = YES;
				CLANG_WARN_UNGUARDED_AVAILABILITY = YES_AGGRESSIVE;
				CLANG_WARN_UNREACHABLE_CODE = YES;
				CLANG_WARN__DUPLICATE_METHOD_MATCH = YES;
				COPY_PHASE_STRIP = NO;
				DEBUG_INFORMATION_FORMAT = dwarf;
				ENABLE_STRICT_OBJC_MSGSEND = YES;
				ENABLE_TESTABILITY = YES;
				GCC_C_LANGUAGE_STANDARD = gnu11;
				GCC_DYNAMIC_NO_PIC = NO;
				GCC_NO_COMMON_BLOCKS = YES;
				GCC_OPTIMIZATION_LEVEL = 0;
				GCC_PREPROCESSOR_DEFINITIONS = (
					"DEBUG=1",
					"$(inherited)",
				);
				GCC_WARN_64_TO_32_BIT_CONVERSION = YES;
				GCC_WARN_ABOUT_RETURN_TYPE = YES_ERROR;
				GCC_WARN_UNDECLARED_SELECTOR = YES;
				GCC_WARN_UNINITIALIZED_AUTOS = YES_AGGRESSIVE;
				GCC_WARN_UNUSED_FUNCTION = YES;
				GCC_WARN_UNUSED_VARIABLE = YES;
				IPHONEOS_DEPLOYMENT_TARGET = 14.3;
				MTL_ENABLE_DEBUG_INFO = INCLUDE_SOURCE;
				MTL_FAST_MATH = YES;
				ONLY_ACTIVE_ARCH = YES;
				SDKROOT = iphoneos;
				SWIFT_ACTIVE_COMPILATION_CONDITIONS = DEBUG;
				SWIFT_OPTIMIZATION_LEVEL = "-Onone";
			};
			name = Debug;
		};
		BD39C26925B7240100E42E41 /* Release */ = {
			isa = XCBuildConfiguration;
			buildSettings = {
				ALWAYS_SEARCH_USER_PATHS = NO;
				CLANG_ANALYZER_NONNULL = YES;
				CLANG_ANALYZER_NUMBER_OBJECT_CONVERSION = YES_AGGRESSIVE;
				CLANG_CXX_LANGUAGE_STANDARD = "gnu++14";
				CLANG_CXX_LIBRARY = "libc++";
				CLANG_ENABLE_MODULES = YES;
				CLANG_ENABLE_OBJC_ARC = YES;
				CLANG_ENABLE_OBJC_WEAK = YES;
				CLANG_WARN_BLOCK_CAPTURE_AUTORELEASING = YES;
				CLANG_WARN_BOOL_CONVERSION = YES;
				CLANG_WARN_COMMA = YES;
				CLANG_WARN_CONSTANT_CONVERSION = YES;
				CLANG_WARN_DEPRECATED_OBJC_IMPLEMENTATIONS = YES;
				CLANG_WARN_DIRECT_OBJC_ISA_USAGE = YES_ERROR;
				CLANG_WARN_DOCUMENTATION_COMMENTS = YES;
				CLANG_WARN_EMPTY_BODY = YES;
				CLANG_WARN_ENUM_CONVERSION = YES;
				CLANG_WARN_INFINITE_RECURSION = YES;
				CLANG_WARN_INT_CONVERSION = YES;
				CLANG_WARN_NON_LITERAL_NULL_CONVERSION = YES;
				CLANG_WARN_OBJC_IMPLICIT_RETAIN_SELF = YES;
				CLANG_WARN_OBJC_LITERAL_CONVERSION = YES;
				CLANG_WARN_OBJC_ROOT_CLASS = YES_ERROR;
				CLANG_WARN_QUOTED_INCLUDE_IN_FRAMEWORK_HEADER = YES;
				CLANG_WARN_RANGE_LOOP_ANALYSIS = YES;
				CLANG_WARN_STRICT_PROTOTYPES = YES;
				CLANG_WARN_SUSPICIOUS_MOVE = YES;
				CLANG_WARN_UNGUARDED_AVAILABILITY = YES_AGGRESSIVE;
				CLANG_WARN_UNREACHABLE_CODE = YES;
				CLANG_WARN__DUPLICATE_METHOD_MATCH = YES;
				COPY_PHASE_STRIP = NO;
				DEBUG_INFORMATION_FORMAT = "dwarf-with-dsym";
				ENABLE_NS_ASSERTIONS = NO;
				ENABLE_STRICT_OBJC_MSGSEND = YES;
				GCC_C_LANGUAGE_STANDARD = gnu11;
				GCC_NO_COMMON_BLOCKS = YES;
				GCC_WARN_64_TO_32_BIT_CONVERSION = YES;
				GCC_WARN_ABOUT_RETURN_TYPE = YES_ERROR;
				GCC_WARN_UNDECLARED_SELECTOR = YES;
				GCC_WARN_UNINITIALIZED_AUTOS = YES_AGGRESSIVE;
				GCC_WARN_UNUSED_FUNCTION = YES;
				GCC_WARN_UNUSED_VARIABLE = YES;
				IPHONEOS_DEPLOYMENT_TARGET = 14.3;
				MTL_ENABLE_DEBUG_INFO = NO;
				MTL_FAST_MATH = YES;
				SDKROOT = iphoneos;
				SWIFT_COMPILATION_MODE = wholemodule;
				SWIFT_OPTIMIZATION_LEVEL = "-O";
				VALIDATE_PRODUCT = YES;
			};
			name = Release;
		};
		BD39C26B25B7240100E42E41 /* Debug */ = {
			isa = XCBuildConfiguration;
			buildSettings = {
				ASSETCATALOG_COMPILER_APPICON_NAME = AppIcon;
				ASSETCATALOG_COMPILER_GLOBAL_ACCENT_COLOR_NAME = AccentColor;
				CODE_SIGN_STYLE = Automatic;
				DEVELOPMENT_ASSET_PATHS = "\"SwiftUI-life-cycle/Preview Content\"";
				DEVELOPMENT_TEAM = 2536WFXFRU;
				ENABLE_PREVIEWS = YES;
				INFOPLIST_FILE = "SwiftUI-life-cycle/Info.plist";
				IPHONEOS_DEPLOYMENT_TARGET = 14.0;
				LD_RUNPATH_SEARCH_PATHS = (
					"$(inherited)",
					"@executable_path/Frameworks",
				);
				PRODUCT_BUNDLE_IDENTIFIER = "net.techxposer.SwiftUI-life-cycle";
				PRODUCT_NAME = "$(TARGET_NAME)";
				SWIFT_VERSION = 5.0;
				TARGETED_DEVICE_FAMILY = "1,2";
			};
			name = Debug;
		};
		BD39C26C25B7240100E42E41 /* Release */ = {
			isa = XCBuildConfiguration;
			buildSettings = {
				ASSETCATALOG_COMPILER_APPICON_NAME = AppIcon;
				ASSETCATALOG_COMPILER_GLOBAL_ACCENT_COLOR_NAME = AccentColor;
				CODE_SIGN_STYLE = Automatic;
				DEVELOPMENT_ASSET_PATHS = "\"SwiftUI-life-cycle/Preview Content\"";
				DEVELOPMENT_TEAM = 2536WFXFRU;
				ENABLE_PREVIEWS = YES;
				INFOPLIST_FILE = "SwiftUI-life-cycle/Info.plist";
				IPHONEOS_DEPLOYMENT_TARGET = 14.0;
				LD_RUNPATH_SEARCH_PATHS = (
					"$(inherited)",
					"@executable_path/Frameworks",
				);
				PRODUCT_BUNDLE_IDENTIFIER = "net.techxposer.SwiftUI-life-cycle";
				PRODUCT_NAME = "$(TARGET_NAME)";
				SWIFT_VERSION = 5.0;
				TARGETED_DEVICE_FAMILY = "1,2";
			};
			name = Release;
		};
/* End XCBuildConfiguration section */

/* Begin XCConfigurationList section */
		BD39C25625B723FF00E42E41 /* Build configuration list for PBXProject "SwiftUI-life-cycle" */ = {
			isa = XCConfigurationList;
			buildConfigurations = (
				BD39C26825B7240100E42E41 /* Debug */,
				BD39C26925B7240100E42E41 /* Release */,
			);
			defaultConfigurationIsVisible = 0;
			defaultConfigurationName = Release;
		};
		BD39C26A25B7240100E42E41 /* Build configuration list for PBXNativeTarget "SwiftUI-life-cycle" */ = {
			isa = XCConfigurationList;
			buildConfigurations = (
				BD39C26B25B7240100E42E41 /* Debug */,
				BD39C26C25B7240100E42E41 /* Release */,
			);
			defaultConfigurationIsVisible = 0;
			defaultConfigurationName = Release;
		};
/* End XCConfigurationList section */
	};
	rootObject = BD39C25325B723FF00E42E41 /* Project object */;
}
